lock_version = 2
rhwp_repo = "https://github.com/edwardkim/rhwp.git"
rhwp_ref_kind = "release-tag"
rhwp_release_tag = "v0.7.12"
rhwp_commit = "1899ef9bc2dfd1c6c0c4d18b192d253a2d0a1fb5"
rhwp_enabled_features = "native-skia"
built_at = "2026-05-27T06:08:40Z"
ffi_symbols_file = "rhwp-ffi-symbols.txt"

[[artifacts]]
path = "Frameworks/universal/librhwp.a"
sha256 = "d0513faa5fddd6b1575a15756f74712686d68910a36614f61db9077caaec6360"
size = 200488800

[[artifacts]]
path = "Frameworks/generated_rhwp.h"
sha256 = "31ed496ccbe86082885a82c584166669e1913a552dba26556ef5182842959601"
size = 2059
