lock_version = 2
rhwp_repo = "https://github.com/edwardkim/rhwp.git"
rhwp_ref_kind = "release-tag"
rhwp_release_tag = "v0.7.9"
rhwp_commit = "0fb3e6758b8ad11d2f3c3849c83b914684e83863"
built_at = ""
ffi_symbols_file = "rhwp-ffi-symbols.txt"

[[artifacts]]
path = "Frameworks/universal/librhwp.a"
sha256 = ""
size = 0

[[artifacts]]
path = "Frameworks/generated_rhwp.h"
sha256 = ""
size = 0
