// !$*UTF8*$!
{
	archiveVersion = 1;
	classes = {
	};
	objectVersion = 77;
	objects = {

/* Begin PBXBuildFile section */
		0232B09498A40300CA652C13 /* ExtensionStatusModel.swift in Sources */ = {isa = PBXBuildFile; fileRef = 5C0F8C3A35D5C5DEA9681624 /* ExtensionStatusModel.swift */; };
		1643C5026717C31873AC9638 /* RenderTree.swift in Sources */ = {isa = PBXBuildFile; fileRef = E8E41B3566883D2AE0BAF5DE /* RenderTree.swift */; };
		186ACAE5FE4117A4F73D9B97 /* sample.hwpx in Resources */ = {isa = PBXBuildFile; fileRef = B7F20D1D3A2381F4974AB4FD /* sample.hwpx */; };
		2310A2ECAA2CF8CE209857E0 /* BuildInfo.swift in Sources */ = {isa = PBXBuildFile; fileRef = 2AFBBFBDE451B16F1856D35A /* BuildInfo.swift */; };
		2B31CF4E4B304AD9D3058C7E /* CGTreeRenderer.swift in Sources */ = {isa = PBXBuildFile; fileRef = 5458DAA403F9BEF1EF309E1F /* CGTreeRenderer.swift */; };
		2F567EBEDD9B92278242EC41 /* Assets.xcassets in Resources */ = {isa = PBXBuildFile; fileRef = FD63B6A6B57B972736CFF329 /* Assets.xcassets */; };
		334DFCE8ABECABE0A4371803 /* Rhwp.xcframework in Frameworks */ = {isa = PBXBuildFile; fileRef = 1B5AA023F263DCFAD6F8B5D6 /* Rhwp.xcframework */; };
		3615F5A92CE720212B4C2358 /* RenderTree.swift in Sources */ = {isa = PBXBuildFile; fileRef = E8E41B3566883D2AE0BAF5DE /* RenderTree.swift */; };
		3A8005327A4303D22DE51C90 /* HwpThumbnailProvider.swift in Sources */ = {isa = PBXBuildFile; fileRef = D39D31F2E27FE42F01A2FD88 /* HwpThumbnailProvider.swift */; };
		50D8862B45627AD9697E8D41 /* QLExtension.appex in Embed Foundation Extensions */ = {isa = PBXBuildFile; fileRef = 6F06334A50FC445F9C0B4216 /* QLExtension.appex */; settings = {ATTRIBUTES = (RemoveHeadersOnCopy, ); }; };
		560CB413F200C0E8D3CD5BB3 /* FontFallback.swift in Sources */ = {isa = PBXBuildFile; fileRef = 9D5A747CBC3DD3904017EFEC /* FontFallback.swift */; };
		57C3535162C3001F10E34494 /* FontFallback.swift in Sources */ = {isa = PBXBuildFile; fileRef = 9D5A747CBC3DD3904017EFEC /* FontFallback.swift */; };
		5F5D639DC377A1EF14D6DC76 /* CGTreeRenderer.swift in Sources */ = {isa = PBXBuildFile; fileRef = 5458DAA403F9BEF1EF309E1F /* CGTreeRenderer.swift */; };
		8819697A12AF9A3C471538A8 /* ContentView.swift in Sources */ = {isa = PBXBuildFile; fileRef = 36BAB2847FE58EF000C33BD3 /* ContentView.swift */; };
		8CDECAAAD4841056876B5024 /* RenderTree.swift in Sources */ = {isa = PBXBuildFile; fileRef = E8E41B3566883D2AE0BAF5DE /* RenderTree.swift */; };
		930CF996F3856EB053312721 /* DocumentViewerStore.swift in Sources */ = {isa = PBXBuildFile; fileRef = 79B4410DBD11BB4163C5FC78 /* DocumentViewerStore.swift */; };
		9B2D0FA9CAD0CBA9D83568A1 /* DocumentOpenPanel.swift in Sources */ = {isa = PBXBuildFile; fileRef = F97F6C505719B15304383E5E /* DocumentOpenPanel.swift */; };
		9FC1EE5146AB2B47E563C9E1 /* ThumbnailExtension.appex in Embed Foundation Extensions */ = {isa = PBXBuildFile; fileRef = 7AB45C92769C8141C6D321A0 /* ThumbnailExtension.appex */; settings = {ATTRIBUTES = (RemoveHeadersOnCopy, ); }; };
		A5280AED2A30DE9563A81B1D /* HwpPageImageRenderer.swift in Sources */ = {isa = PBXBuildFile; fileRef = D7FF97435E7DC2E83DDD7847 /* HwpPageImageRenderer.swift */; };
		A99FC93A120A9B1765572A21 /* RhwpDocument.swift in Sources */ = {isa = PBXBuildFile; fileRef = 16DE3288E2F8A233BC245AB8 /* RhwpDocument.swift */; };
		B50E6A8A5AB1442D3D243A92 /* HwpPreviewProvider.swift in Sources */ = {isa = PBXBuildFile; fileRef = 4FE9F15C76CEB2AD586F3DF8 /* HwpPreviewProvider.swift */; };
		B5EA9B6AEF0F970A7A530CF6 /* Rhwp.xcframework in Frameworks */ = {isa = PBXBuildFile; fileRef = 1B5AA023F263DCFAD6F8B5D6 /* Rhwp.xcframework */; };
		B6AF4257FF918006431E56B0 /* HwpPageImageRenderer.swift in Sources */ = {isa = PBXBuildFile; fileRef = D7FF97435E7DC2E83DDD7847 /* HwpPageImageRenderer.swift */; };
		B6F3012A2230DEFD60DB7D9B /* DocumentPageView.swift in Sources */ = {isa = PBXBuildFile; fileRef = A717B7804A99A7F2314F7CC8 /* DocumentPageView.swift */; };
		BBF74DDC648BDCF9F4CE0A29 /* DocumentViewerView.swift in Sources */ = {isa = PBXBuildFile; fileRef = 92FF2EC2F1F3AF82DD0665BC /* DocumentViewerView.swift */; };
		C18AE8FBA7E5C3D8113339C3 /* CGTreeRenderer.swift in Sources */ = {isa = PBXBuildFile; fileRef = 5458DAA403F9BEF1EF309E1F /* CGTreeRenderer.swift */; };
		DDC7B6E42EA540973D27E986 /* RhwpDocument.swift in Sources */ = {isa = PBXBuildFile; fileRef = 16DE3288E2F8A233BC245AB8 /* RhwpDocument.swift */; };
		DF5B6080BFA8C4135DFAFE99 /* DocumentOpenRouter.swift in Sources */ = {isa = PBXBuildFile; fileRef = D4F7F314386F65D3115329DE /* DocumentOpenRouter.swift */; };
		E9EA2350F03EE94ADF146B3D /* Rhwp.xcframework in Frameworks */ = {isa = PBXBuildFile; fileRef = 1B5AA023F263DCFAD6F8B5D6 /* Rhwp.xcframework */; };
		EAB5F41AD4E7D7AFBC60AFB4 /* RhwpDocument.swift in Sources */ = {isa = PBXBuildFile; fileRef = 16DE3288E2F8A233BC245AB8 /* RhwpDocument.swift */; };
		EFA2E950D11CF5A8EF550F85 /* HwpPageImageRenderer.swift in Sources */ = {isa = PBXBuildFile; fileRef = D7FF97435E7DC2E83DDD7847 /* HwpPageImageRenderer.swift */; };
		EFBDD3F470DFD0B9E6A0208D /* FontFallback.swift in Sources */ = {isa = PBXBuildFile; fileRef = 9D5A747CBC3DD3904017EFEC /* FontFallback.swift */; };
		F46C29F61BC1DDEBDCCF320C /* HostApp.swift in Sources */ = {isa = PBXBuildFile; fileRef = CA2AC35A93F10CDB30E5E218 /* HostApp.swift */; };
/* End PBXBuildFile section */

/* Begin PBXContainerItemProxy section */
		0462CC1109EACC262766F0E6 /* PBXContainerItemProxy */ = {
			isa = PBXContainerItemProxy;
			containerPortal = 206E16301E257D3E0A8B8060 /* Project object */;
			proxyType = 1;
			remoteGlobalIDString = 068E587C62A244C1916375E2;
			remoteInfo = ThumbnailExtension;
		};
		092B545FB52E47B3985A4BED /* PBXContainerItemProxy */ = {
			isa = PBXContainerItemProxy;
			containerPortal = 206E16301E257D3E0A8B8060 /* Project object */;
			proxyType = 1;
			remoteGlobalIDString = 2BEA1E9136E12C9700D63E14;
			remoteInfo = QLExtension;
		};
/* End PBXContainerItemProxy section */

/* Begin PBXCopyFilesBuildPhase section */
		BC5E926340D0860F02619F4F /* Embed Foundation Extensions */ = {
			isa = PBXCopyFilesBuildPhase;
			buildActionMask = 2147483647;
			dstPath = "";
			dstSubfolderSpec = 13;
			files = (
				50D8862B45627AD9697E8D41 /* QLExtension.appex in Embed Foundation Extensions */,
				9FC1EE5146AB2B47E563C9E1 /* ThumbnailExtension.appex in Embed Foundation Extensions */,
			);
			name = "Embed Foundation Extensions";
			runOnlyForDeploymentPostprocessing = 0;
		};
/* End PBXCopyFilesBuildPhase section */

/* Begin PBXFileReference section */
		13EDD62FD1AE051EC4C21B8B /* Info.plist */ = {isa = PBXFileReference; lastKnownFileType = text.plist; path = Info.plist; sourceTree = "<group>"; };
		16DE3288E2F8A233BC245AB8 /* RhwpDocument.swift */ = {isa = PBXFileReference; lastKnownFileType = sourcecode.swift; path = RhwpDocument.swift; sourceTree = "<group>"; };
		1B5AA023F263DCFAD6F8B5D6 /* Rhwp.xcframework */ = {isa = PBXFileReference; lastKnownFileType = wrapper.xcframework; name = Rhwp.xcframework; path = Frameworks/Rhwp.xcframework; sourceTree = "<group>"; };
		2AFBBFBDE451B16F1856D35A /* BuildInfo.swift */ = {isa = PBXFileReference; lastKnownFileType = sourcecode.swift; path = BuildInfo.swift; sourceTree = "<group>"; };
		30F61E41F215928AD1910C95 /* .gitkeep */ = {isa = PBXFileReference; path = .gitkeep; sourceTree = "<group>"; };
		36BAB2847FE58EF000C33BD3 /* ContentView.swift */ = {isa = PBXFileReference; lastKnownFileType = sourcecode.swift; path = ContentView.swift; sourceTree = "<group>"; };
		4FE9F15C76CEB2AD586F3DF8 /* HwpPreviewProvider.swift */ = {isa = PBXFileReference; lastKnownFileType = sourcecode.swift; path = HwpPreviewProvider.swift; sourceTree = "<group>"; };
		5458DAA403F9BEF1EF309E1F /* CGTreeRenderer.swift */ = {isa = PBXFileReference; lastKnownFileType = sourcecode.swift; path = CGTreeRenderer.swift; sourceTree = "<group>"; };
		5C0F8C3A35D5C5DEA9681624 /* ExtensionStatusModel.swift */ = {isa = PBXFileReference; lastKnownFileType = sourcecode.swift; path = ExtensionStatusModel.swift; sourceTree = "<group>"; };
		6F06334A50FC445F9C0B4216 /* QLExtension.appex */ = {isa = PBXFileReference; explicitFileType = "wrapper.app-extension"; includeInIndex = 0; path = QLExtension.appex; sourceTree = BUILT_PRODUCTS_DIR; };
		79B4410DBD11BB4163C5FC78 /* DocumentViewerStore.swift */ = {isa = PBXFileReference; lastKnownFileType = sourcecode.swift; path = DocumentViewerStore.swift; sourceTree = "<group>"; };
		7AB45C92769C8141C6D321A0 /* ThumbnailExtension.appex */ = {isa = PBXFileReference; explicitFileType = "wrapper.app-extension"; includeInIndex = 0; path = ThumbnailExtension.appex; sourceTree = BUILT_PRODUCTS_DIR; };
		8BBB4293B1DF66D6308DC817 /* Info.plist */ = {isa = PBXFileReference; lastKnownFileType = text.plist; path = Info.plist; sourceTree = "<group>"; };
		92FF2EC2F1F3AF82DD0665BC /* DocumentViewerView.swift */ = {isa = PBXFileReference; lastKnownFileType = sourcecode.swift; path = DocumentViewerView.swift; sourceTree = "<group>"; };
		9D5A747CBC3DD3904017EFEC /* FontFallback.swift */ = {isa = PBXFileReference; lastKnownFileType = sourcecode.swift; path = FontFallback.swift; sourceTree = "<group>"; };
		A717B7804A99A7F2314F7CC8 /* DocumentPageView.swift */ = {isa = PBXFileReference; lastKnownFileType = sourcecode.swift; path = DocumentPageView.swift; sourceTree = "<group>"; };
		B7F20D1D3A2381F4974AB4FD /* sample.hwpx */ = {isa = PBXFileReference; path = sample.hwpx; sourceTree = "<group>"; };
		C0F6D72CB0515282F6BC022C /* ThumbnailExtension.entitlements */ = {isa = PBXFileReference; lastKnownFileType = text.plist.entitlements; path = ThumbnailExtension.entitlements; sourceTree = "<group>"; };
		C4D07B632816FBAD6B253E53 /* HostApp.entitlements */ = {isa = PBXFileReference; lastKnownFileType = text.plist.entitlements; path = HostApp.entitlements; sourceTree = "<group>"; };
		CA2AC35A93F10CDB30E5E218 /* HostApp.swift */ = {isa = PBXFileReference; lastKnownFileType = sourcecode.swift; path = HostApp.swift; sourceTree = "<group>"; };
		D21ECBFD0E7FCEC80CD50CFC /* QLExtension.entitlements */ = {isa = PBXFileReference; lastKnownFileType = text.plist.entitlements; path = QLExtension.entitlements; sourceTree = "<group>"; };
		D39D31F2E27FE42F01A2FD88 /* HwpThumbnailProvider.swift */ = {isa = PBXFileReference; lastKnownFileType = sourcecode.swift; path = HwpThumbnailProvider.swift; sourceTree = "<group>"; };
		D4F7F314386F65D3115329DE /* DocumentOpenRouter.swift */ = {isa = PBXFileReference; lastKnownFileType = sourcecode.swift; path = DocumentOpenRouter.swift; sourceTree = "<group>"; };
		D60C4B3C3D56B6ADF8A0B894 /* Info.plist */ = {isa = PBXFileReference; lastKnownFileType = text.plist; path = Info.plist; sourceTree = "<group>"; };
		D7FF97435E7DC2E83DDD7847 /* HwpPageImageRenderer.swift */ = {isa = PBXFileReference; lastKnownFileType = sourcecode.swift; path = HwpPageImageRenderer.swift; sourceTree = "<group>"; };
		DFDD0B31D49E1FD297C40496 /* HostApp.app */ = {isa = PBXFileReference; explicitFileType = wrapper.application; includeInIndex = 0; path = HostApp.app; sourceTree = BUILT_PRODUCTS_DIR; };
		E57CF34A02A750F9E6818E13 /* .gitkeep */ = {isa = PBXFileReference; path = .gitkeep; sourceTree = "<group>"; };
		E8E41B3566883D2AE0BAF5DE /* RenderTree.swift */ = {isa = PBXFileReference; lastKnownFileType = sourcecode.swift; path = RenderTree.swift; sourceTree = "<group>"; };
		F97F6C505719B15304383E5E /* DocumentOpenPanel.swift */ = {isa = PBXFileReference; lastKnownFileType = sourcecode.swift; path = DocumentOpenPanel.swift; sourceTree = "<group>"; };
		FD63B6A6B57B972736CFF329 /* Assets.xcassets */ = {isa = PBXFileReference; lastKnownFileType = folder.assetcatalog; path = Assets.xcassets; sourceTree = "<group>"; };
/* End PBXFileReference section */

/* Begin PBXFrameworksBuildPhase section */
		1FE84F1271514EBCA2F9C860 /* Frameworks */ = {
			isa = PBXFrameworksBuildPhase;
			buildActionMask = 2147483647;
			files = (
				B5EA9B6AEF0F970A7A530CF6 /* Rhwp.xcframework in Frameworks */,
			);
			runOnlyForDeploymentPostprocessing = 0;
		};
		569685008927E868FA93E6B6 /* Frameworks */ = {
			isa = PBXFrameworksBuildPhase;
			buildActionMask = 2147483647;
			files = (
				334DFCE8ABECABE0A4371803 /* Rhwp.xcframework in Frameworks */,
			);
			runOnlyForDeploymentPostprocessing = 0;
		};
		A7B7ECFC130E00A3568F9DD3 /* Frameworks */ = {
			isa = PBXFrameworksBuildPhase;
			buildActionMask = 2147483647;
			files = (
				E9EA2350F03EE94ADF146B3D /* Rhwp.xcframework in Frameworks */,
			);
			runOnlyForDeploymentPostprocessing = 0;
		};
/* End PBXFrameworksBuildPhase section */

/* Begin PBXGroup section */
		1A691413275A6A20786556DB /* Products */ = {
			isa = PBXGroup;
			children = (
				DFDD0B31D49E1FD297C40496 /* HostApp.app */,
				6F06334A50FC445F9C0B4216 /* QLExtension.appex */,
				7AB45C92769C8141C6D321A0 /* ThumbnailExtension.appex */,
			);
			name = Products;
			sourceTree = "<group>";
		};
		2E7401458A450C3242192331 /* RhwpCoreBridge */ = {
			isa = PBXGroup;
			children = (
				5458DAA403F9BEF1EF309E1F /* CGTreeRenderer.swift */,
				9D5A747CBC3DD3904017EFEC /* FontFallback.swift */,
				E8E41B3566883D2AE0BAF5DE /* RenderTree.swift */,
				16DE3288E2F8A233BC245AB8 /* RhwpDocument.swift */,
			);
			name = RhwpCoreBridge;
			path = Sources/RhwpCoreBridge;
			sourceTree = "<group>";
		};
		4245FD14254F7510A8ABD723 /* Services */ = {
			isa = PBXGroup;
			children = (
				F97F6C505719B15304383E5E /* DocumentOpenPanel.swift */,
				D4F7F314386F65D3115329DE /* DocumentOpenRouter.swift */,
				5C0F8C3A35D5C5DEA9681624 /* ExtensionStatusModel.swift */,
			);
			path = Services;
			sourceTree = "<group>";
		};
		505D8930869B63F95FC579FF /* ThumbnailExtension */ = {
			isa = PBXGroup;
			children = (
				E57CF34A02A750F9E6818E13 /* .gitkeep */,
				D39D31F2E27FE42F01A2FD88 /* HwpThumbnailProvider.swift */,
				8BBB4293B1DF66D6308DC817 /* Info.plist */,
				C0F6D72CB0515282F6BC022C /* ThumbnailExtension.entitlements */,
			);
			name = ThumbnailExtension;
			path = Sources/ThumbnailExtension;
			sourceTree = "<group>";
		};
		5C9BDAB3717A25D0F893A02A = {
			isa = PBXGroup;
			children = (
				BB800C07592D25E736268C10 /* HostApp */,
				A15DA84D97F2EB4E403AAFB6 /* QLExtension */,
				2E7401458A450C3242192331 /* RhwpCoreBridge */,
				D5C3B7B6D425F9276DB5C9A6 /* Shared */,
				505D8930869B63F95FC579FF /* ThumbnailExtension */,
				D61DA6019E720752327EEB3A /* Frameworks */,
				1A691413275A6A20786556DB /* Products */,
			);
			sourceTree = "<group>";
		};
		7557B05D74ACA18B12075709 /* Views */ = {
			isa = PBXGroup;
			children = (
				36BAB2847FE58EF000C33BD3 /* ContentView.swift */,
				A717B7804A99A7F2314F7CC8 /* DocumentPageView.swift */,
				92FF2EC2F1F3AF82DD0665BC /* DocumentViewerView.swift */,
			);
			path = Views;
			sourceTree = "<group>";
		};
		7DE442D3A0A48AF3A339CAC5 /* Resources */ = {
			isa = PBXGroup;
			children = (
				B7F20D1D3A2381F4974AB4FD /* sample.hwpx */,
			);
			path = Resources;
			sourceTree = "<group>";
		};
		8B741CDDE8E058A2DBDFB943 /* Stores */ = {
			isa = PBXGroup;
			children = (
				79B4410DBD11BB4163C5FC78 /* DocumentViewerStore.swift */,
			);
			path = Stores;
			sourceTree = "<group>";
		};
		917E9DDA45CF7252507597AA /* Support */ = {
			isa = PBXGroup;
			children = (
				2AFBBFBDE451B16F1856D35A /* BuildInfo.swift */,
			);
			path = Support;
			sourceTree = "<group>";
		};
		A15DA84D97F2EB4E403AAFB6 /* QLExtension */ = {
			isa = PBXGroup;
			children = (
				30F61E41F215928AD1910C95 /* .gitkeep */,
				4FE9F15C76CEB2AD586F3DF8 /* HwpPreviewProvider.swift */,
				D60C4B3C3D56B6ADF8A0B894 /* Info.plist */,
				D21ECBFD0E7FCEC80CD50CFC /* QLExtension.entitlements */,
			);
			name = QLExtension;
			path = Sources/QLExtension;
			sourceTree = "<group>";
		};
		BB800C07592D25E736268C10 /* HostApp */ = {
			isa = PBXGroup;
			children = (
				FD63B6A6B57B972736CFF329 /* Assets.xcassets */,
				C4D07B632816FBAD6B253E53 /* HostApp.entitlements */,
				CA2AC35A93F10CDB30E5E218 /* HostApp.swift */,
				13EDD62FD1AE051EC4C21B8B /* Info.plist */,
				7DE442D3A0A48AF3A339CAC5 /* Resources */,
				4245FD14254F7510A8ABD723 /* Services */,
				8B741CDDE8E058A2DBDFB943 /* Stores */,
				917E9DDA45CF7252507597AA /* Support */,
				7557B05D74ACA18B12075709 /* Views */,
			);
			name = HostApp;
			path = Sources/HostApp;
			sourceTree = "<group>";
		};
		D5C3B7B6D425F9276DB5C9A6 /* Shared */ = {
			isa = PBXGroup;
			children = (
				D7FF97435E7DC2E83DDD7847 /* HwpPageImageRenderer.swift */,
			);
			name = Shared;
			path = Sources/Shared;
			sourceTree = "<group>";
		};
		D61DA6019E720752327EEB3A /* Frameworks */ = {
			isa = PBXGroup;
			children = (
				1B5AA023F263DCFAD6F8B5D6 /* Rhwp.xcframework */,
			);
			name = Frameworks;
			sourceTree = "<group>";
		};
/* End PBXGroup section */

/* Begin PBXNativeTarget section */
		068E587C62A244C1916375E2 /* ThumbnailExtension */ = {
			isa = PBXNativeTarget;
			buildConfigurationList = 9195EB53F29278457C29F016 /* Build configuration list for PBXNativeTarget "ThumbnailExtension" */;
			buildPhases = (
				EABC8AC4ABC823FB96CA2F79 /* Sources */,
				1FE84F1271514EBCA2F9C860 /* Frameworks */,
			);
			buildRules = (
			);
			dependencies = (
			);
			name = ThumbnailExtension;
			packageProductDependencies = (
			);
			productName = ThumbnailExtension;
			productReference = 7AB45C92769C8141C6D321A0 /* ThumbnailExtension.appex */;
			productType = "com.apple.product-type.app-extension";
		};
		2BEA1E9136E12C9700D63E14 /* QLExtension */ = {
			isa = PBXNativeTarget;
			buildConfigurationList = 48A1DD4B0B2CA70B7BFDF974 /* Build configuration list for PBXNativeTarget "QLExtension" */;
			buildPhases = (
				FE78C985CB73A80D89FEB4CB /* Sources */,
				569685008927E868FA93E6B6 /* Frameworks */,
			);
			buildRules = (
			);
			dependencies = (
			);
			name = QLExtension;
			packageProductDependencies = (
			);
			productName = QLExtension;
			productReference = 6F06334A50FC445F9C0B4216 /* QLExtension.appex */;
			productType = "com.apple.product-type.app-extension";
		};
		591289D1D5E9B6EDE9211460 /* HostApp */ = {
			isa = PBXNativeTarget;
			buildConfigurationList = 5E38DE2346E3D25557AE8E85 /* Build configuration list for PBXNativeTarget "HostApp" */;
			buildPhases = (
				CBB5E1F88CDFFCAFD27E1EE6 /* Sources */,
				A2700F3528A08BFF2C121432 /* Resources */,
				A7B7ECFC130E00A3568F9DD3 /* Frameworks */,
				BC5E926340D0860F02619F4F /* Embed Foundation Extensions */,
			);
			buildRules = (
			);
			dependencies = (
				CD4814ACA6872ADB187B12B3 /* PBXTargetDependency */,
				A568D299A11B230841544731 /* PBXTargetDependency */,
			);
			name = HostApp;
			packageProductDependencies = (
			);
			productName = HostApp;
			productReference = DFDD0B31D49E1FD297C40496 /* HostApp.app */;
			productType = "com.apple.product-type.application";
		};
/* End PBXNativeTarget section */

/* Begin PBXProject section */
		206E16301E257D3E0A8B8060 /* Project object */ = {
			isa = PBXProject;
			attributes = {
				BuildIndependentTargetsInParallel = YES;
				LastUpgradeCheck = 1500;
				TargetAttributes = {
					068E587C62A244C1916375E2 = {
						ProvisioningStyle = Automatic;
					};
					2BEA1E9136E12C9700D63E14 = {
						ProvisioningStyle = Automatic;
					};
					591289D1D5E9B6EDE9211460 = {
						ProvisioningStyle = Automatic;
					};
				};
			};
			buildConfigurationList = B4D7C1C2BE83D454A52F4555 /* Build configuration list for PBXProject "RhwpMac" */;
			developmentRegion = en;
			hasScannedForEncodings = 0;
			knownRegions = (
				Base,
				en,
			);
			mainGroup = 5C9BDAB3717A25D0F893A02A;
			minimizedProjectReferenceProxies = 1;
			preferredProjectObjectVersion = 77;
			productRefGroup = 1A691413275A6A20786556DB /* Products */;
			projectDirPath = "";
			projectRoot = "";
			targets = (
				591289D1D5E9B6EDE9211460 /* HostApp */,
				2BEA1E9136E12C9700D63E14 /* QLExtension */,
				068E587C62A244C1916375E2 /* ThumbnailExtension */,
			);
		};
/* End PBXProject section */

/* Begin PBXResourcesBuildPhase section */
		A2700F3528A08BFF2C121432 /* Resources */ = {
			isa = PBXResourcesBuildPhase;
			buildActionMask = 2147483647;
			files = (
				2F567EBEDD9B92278242EC41 /* Assets.xcassets in Resources */,
				186ACAE5FE4117A4F73D9B97 /* sample.hwpx in Resources */,
			);
			runOnlyForDeploymentPostprocessing = 0;
		};
/* End PBXResourcesBuildPhase section */

/* Begin PBXSourcesBuildPhase section */
		CBB5E1F88CDFFCAFD27E1EE6 /* Sources */ = {
			isa = PBXSourcesBuildPhase;
			buildActionMask = 2147483647;
			files = (
				2310A2ECAA2CF8CE209857E0 /* BuildInfo.swift in Sources */,
				C18AE8FBA7E5C3D8113339C3 /* CGTreeRenderer.swift in Sources */,
				8819697A12AF9A3C471538A8 /* ContentView.swift in Sources */,
				9B2D0FA9CAD0CBA9D83568A1 /* DocumentOpenPanel.swift in Sources */,
				DF5B6080BFA8C4135DFAFE99 /* DocumentOpenRouter.swift in Sources */,
				B6F3012A2230DEFD60DB7D9B /* DocumentPageView.swift in Sources */,
				930CF996F3856EB053312721 /* DocumentViewerStore.swift in Sources */,
				BBF74DDC648BDCF9F4CE0A29 /* DocumentViewerView.swift in Sources */,
				0232B09498A40300CA652C13 /* ExtensionStatusModel.swift in Sources */,
				57C3535162C3001F10E34494 /* FontFallback.swift in Sources */,
				F46C29F61BC1DDEBDCCF320C /* HostApp.swift in Sources */,
				A5280AED2A30DE9563A81B1D /* HwpPageImageRenderer.swift in Sources */,
				1643C5026717C31873AC9638 /* RenderTree.swift in Sources */,
				DDC7B6E42EA540973D27E986 /* RhwpDocument.swift in Sources */,
			);
			runOnlyForDeploymentPostprocessing = 0;
		};
		EABC8AC4ABC823FB96CA2F79 /* Sources */ = {
			isa = PBXSourcesBuildPhase;
			buildActionMask = 2147483647;
			files = (
				5F5D639DC377A1EF14D6DC76 /* CGTreeRenderer.swift in Sources */,
				560CB413F200C0E8D3CD5BB3 /* FontFallback.swift in Sources */,
				EFA2E950D11CF5A8EF550F85 /* HwpPageImageRenderer.swift in Sources */,
				3A8005327A4303D22DE51C90 /* HwpThumbnailProvider.swift in Sources */,
				3615F5A92CE720212B4C2358 /* RenderTree.swift in Sources */,
				EAB5F41AD4E7D7AFBC60AFB4 /* RhwpDocument.swift in Sources */,
			);
			runOnlyForDeploymentPostprocessing = 0;
		};
		FE78C985CB73A80D89FEB4CB /* Sources */ = {
			isa = PBXSourcesBuildPhase;
			buildActionMask = 2147483647;
			files = (
				2B31CF4E4B304AD9D3058C7E /* CGTreeRenderer.swift in Sources */,
				EFBDD3F470DFD0B9E6A0208D /* FontFallback.swift in Sources */,
				B6AF4257FF918006431E56B0 /* HwpPageImageRenderer.swift in Sources */,
				B50E6A8A5AB1442D3D243A92 /* HwpPreviewProvider.swift in Sources */,
				8CDECAAAD4841056876B5024 /* RenderTree.swift in Sources */,
				A99FC93A120A9B1765572A21 /* RhwpDocument.swift in Sources */,
			);
			runOnlyForDeploymentPostprocessing = 0;
		};
/* End PBXSourcesBuildPhase section */

/* Begin PBXTargetDependency section */
		A568D299A11B230841544731 /* PBXTargetDependency */ = {
			isa = PBXTargetDependency;
			target = 068E587C62A244C1916375E2 /* ThumbnailExtension */;
			targetProxy = 0462CC1109EACC262766F0E6 /* PBXContainerItemProxy */;
		};
		CD4814ACA6872ADB187B12B3 /* PBXTargetDependency */ = {
			isa = PBXTargetDependency;
			target = 2BEA1E9136E12C9700D63E14 /* QLExtension */;
			targetProxy = 092B545FB52E47B3985A4BED /* PBXContainerItemProxy */;
		};
/* End PBXTargetDependency section */

/* Begin XCBuildConfiguration section */
		1E423E2EC930D050F4D3024E /* Debug */ = {
			isa = XCBuildConfiguration;
			buildSettings = {
				ASSETCATALOG_COMPILER_APPICON_NAME = AppIcon;
				CODE_SIGN_ENTITLEMENTS = Sources/HostApp/HostApp.entitlements;
				CODE_SIGN_STYLE = Automatic;
				COMBINE_HIDPI_IMAGES = YES;
				FRAMEWORK_SEARCH_PATHS = (
					"$(inherited)",
					"\"Frameworks\"",
				);
				INFOPLIST_FILE = Sources/HostApp/Info.plist;
				LD_RUNPATH_SEARCH_PATHS = (
					"$(inherited)",
					"@executable_path/../Frameworks",
				);
				PRODUCT_BUNDLE_IDENTIFIER = com.postmelee.rhwpmac;
				PRODUCT_NAME = "알한글";
				SDKROOT = macosx;
			};
			name = Debug;
		};
		2FCE7E921CEF3BEE0DF42CE1 /* Debug */ = {
			isa = XCBuildConfiguration;
			buildSettings = {
				CODE_SIGN_ENTITLEMENTS = Sources/ThumbnailExtension/ThumbnailExtension.entitlements;
				CODE_SIGN_STYLE = Automatic;
				COMBINE_HIDPI_IMAGES = YES;
				FRAMEWORK_SEARCH_PATHS = (
					"$(inherited)",
					"\"Frameworks\"",
				);
				INFOPLIST_FILE = Sources/ThumbnailExtension/Info.plist;
				LD_RUNPATH_SEARCH_PATHS = (
					"$(inherited)",
					"@executable_path/../Frameworks",
					"@executable_path/../../../../Frameworks",
				);
				PRODUCT_BUNDLE_IDENTIFIER = com.postmelee.rhwpmac.ThumbnailExtension;
				PRODUCT_NAME = "알한글 Thumbnail";
				SDKROOT = macosx;
			};
			name = Debug;
		};
		612465780CBB47A4588264F1 /* Release */ = {
			isa = XCBuildConfiguration;
			buildSettings = {
				ASSETCATALOG_COMPILER_APPICON_NAME = AppIcon;
				CODE_SIGN_ENTITLEMENTS = Sources/HostApp/HostApp.entitlements;
				CODE_SIGN_STYLE = Automatic;
				COMBINE_HIDPI_IMAGES = YES;
				FRAMEWORK_SEARCH_PATHS = (
					"$(inherited)",
					"\"Frameworks\"",
				);
				INFOPLIST_FILE = Sources/HostApp/Info.plist;
				LD_RUNPATH_SEARCH_PATHS = (
					"$(inherited)",
					"@executable_path/../Frameworks",
				);
				PRODUCT_BUNDLE_IDENTIFIER = com.postmelee.rhwpmac;
				PRODUCT_NAME = "알한글";
				SDKROOT = macosx;
			};
			name = Release;
		};
		77DF25D3A3901E9D195CE023 /* Release */ = {
			isa = XCBuildConfiguration;
			buildSettings = {
				CODE_SIGN_ENTITLEMENTS = Sources/QLExtension/QLExtension.entitlements;
				CODE_SIGN_STYLE = Automatic;
				COMBINE_HIDPI_IMAGES = YES;
				FRAMEWORK_SEARCH_PATHS = (
					"$(inherited)",
					"\"Frameworks\"",
				);
				INFOPLIST_FILE = Sources/QLExtension/Info.plist;
				LD_RUNPATH_SEARCH_PATHS = (
					"$(inherited)",
					"@executable_path/../Frameworks",
					"@executable_path/../../../../Frameworks",
				);
				PRODUCT_BUNDLE_IDENTIFIER = com.postmelee.rhwpmac.QLExtension;
				PRODUCT_NAME = "알한글 Preview";
				SDKROOT = macosx;
			};
			name = Release;
		};
		B18782C08B818929AC92A6BB /* Debug */ = {
			isa = XCBuildConfiguration;
			buildSettings = {
				ALWAYS_SEARCH_USER_PATHS = NO;
				CLANG_ANALYZER_NONNULL = YES;
				CLANG_ANALYZER_NUMBER_OBJECT_CONVERSION = YES_AGGRESSIVE;
				CLANG_CXX_LANGUAGE_STANDARD = "gnu++14";
				CLANG_CXX_LIBRARY = "libc++";
				CLANG_ENABLE_MODULES = YES;
				CLANG_ENABLE_OBJC_ARC = YES;
				CLANG_ENABLE_OBJC_WEAK = YES;
				CLANG_WARN_BLOCK_CAPTURE_AUTORELEASING = YES;
				CLANG_WARN_BOOL_CONVERSION = YES;
				CLANG_WARN_COMMA = YES;
				CLANG_WARN_CONSTANT_CONVERSION = YES;
				CLANG_WARN_DEPRECATED_OBJC_IMPLEMENTATIONS = YES;
				CLANG_WARN_DIRECT_OBJC_ISA_USAGE = YES_ERROR;
				CLANG_WARN_DOCUMENTATION_COMMENTS = YES;
				CLANG_WARN_EMPTY_BODY = YES;
				CLANG_WARN_ENUM_CONVERSION = YES;
				CLANG_WARN_INFINITE_RECURSION = YES;
				CLANG_WARN_INT_CONVERSION = YES;
				CLANG_WARN_NON_LITERAL_NULL_CONVERSION = YES;
				CLANG_WARN_OBJC_IMPLICIT_RETAIN_SELF = YES;
				CLANG_WARN_OBJC_LITERAL_CONVERSION = YES;
				CLANG_WARN_OBJC_ROOT_CLASS = YES_ERROR;
				CLANG_WARN_QUOTED_INCLUDE_IN_FRAMEWORK_HEADER = YES;
				CLANG_WARN_RANGE_LOOP_ANALYSIS = YES;
				CLANG_WARN_STRICT_PROTOTYPES = YES;
				CLANG_WARN_SUSPICIOUS_MOVE = YES;
				CLANG_WARN_UNGUARDED_AVAILABILITY = YES_AGGRESSIVE;
				CLANG_WARN_UNREACHABLE_CODE = YES;
				CLANG_WARN__DUPLICATE_METHOD_MATCH = YES;
				COPY_PHASE_STRIP = NO;
				DEBUG_INFORMATION_FORMAT = dwarf;
				ENABLE_STRICT_OBJC_MSGSEND = YES;
				ENABLE_TESTABILITY = YES;
				GCC_C_LANGUAGE_STANDARD = gnu11;
				GCC_DYNAMIC_NO_PIC = NO;
				GCC_NO_COMMON_BLOCKS = YES;
				GCC_OPTIMIZATION_LEVEL = 0;
				GCC_PREPROCESSOR_DEFINITIONS = (
					"$(inherited)",
					"DEBUG=1",
				);
				GCC_WARN_64_TO_32_BIT_CONVERSION = YES;
				GCC_WARN_ABOUT_RETURN_TYPE = YES_ERROR;
				GCC_WARN_UNDECLARED_SELECTOR = YES;
				GCC_WARN_UNINITIALIZED_AUTOS = YES_AGGRESSIVE;
				GCC_WARN_UNUSED_FUNCTION = YES;
				GCC_WARN_UNUSED_VARIABLE = YES;
				MACOSX_DEPLOYMENT_TARGET = 12.0;
				MTL_ENABLE_DEBUG_INFO = INCLUDE_SOURCE;
				MTL_FAST_MATH = YES;
				ONLY_ACTIVE_ARCH = YES;
				PRODUCT_NAME = "$(TARGET_NAME)";
				SDKROOT = macosx;
				SWIFT_ACTIVE_COMPILATION_CONDITIONS = DEBUG;
				SWIFT_OPTIMIZATION_LEVEL = "-Onone";
				SWIFT_VERSION = 5.9;
			};
			name = Debug;
		};
		C591E3CA8BCE89CFD6552F9C /* Release */ = {
			isa = XCBuildConfiguration;
			buildSettings = {
				ALWAYS_SEARCH_USER_PATHS = NO;
				CLANG_ANALYZER_NONNULL = YES;
				CLANG_ANALYZER_NUMBER_OBJECT_CONVERSION = YES_AGGRESSIVE;
				CLANG_CXX_LANGUAGE_STANDARD = "gnu++14";
				CLANG_CXX_LIBRARY = "libc++";
				CLANG_ENABLE_MODULES = YES;
				CLANG_ENABLE_OBJC_ARC = YES;
				CLANG_ENABLE_OBJC_WEAK = YES;
				CLANG_WARN_BLOCK_CAPTURE_AUTORELEASING = YES;
				CLANG_WARN_BOOL_CONVERSION = YES;
				CLANG_WARN_COMMA = YES;
				CLANG_WARN_CONSTANT_CONVERSION = YES;
				CLANG_WARN_DEPRECATED_OBJC_IMPLEMENTATIONS = YES;
				CLANG_WARN_DIRECT_OBJC_ISA_USAGE = YES_ERROR;
				CLANG_WARN_DOCUMENTATION_COMMENTS = YES;
				CLANG_WARN_EMPTY_BODY = YES;
				CLANG_WARN_ENUM_CONVERSION = YES;
				CLANG_WARN_INFINITE_RECURSION = YES;
				CLANG_WARN_INT_CONVERSION = YES;
				CLANG_WARN_NON_LITERAL_NULL_CONVERSION = YES;
				CLANG_WARN_OBJC_IMPLICIT_RETAIN_SELF = YES;
				CLANG_WARN_OBJC_LITERAL_CONVERSION = YES;
				CLANG_WARN_OBJC_ROOT_CLASS = YES_ERROR;
				CLANG_WARN_QUOTED_INCLUDE_IN_FRAMEWORK_HEADER = YES;
				CLANG_WARN_RANGE_LOOP_ANALYSIS = YES;
				CLANG_WARN_STRICT_PROTOTYPES = YES;
				CLANG_WARN_SUSPICIOUS_MOVE = YES;
				CLANG_WARN_UNGUARDED_AVAILABILITY = YES_AGGRESSIVE;
				CLANG_WARN_UNREACHABLE_CODE = YES;
				CLANG_WARN__DUPLICATE_METHOD_MATCH = YES;
				COPY_PHASE_STRIP = NO;
				DEBUG_INFORMATION_FORMAT = "dwarf-with-dsym";
				ENABLE_NS_ASSERTIONS = NO;
				ENABLE_STRICT_OBJC_MSGSEND = YES;
				GCC_C_LANGUAGE_STANDARD = gnu11;
				GCC_NO_COMMON_BLOCKS = YES;
				GCC_WARN_64_TO_32_BIT_CONVERSION = YES;
				GCC_WARN_ABOUT_RETURN_TYPE = YES_ERROR;
				GCC_WARN_UNDECLARED_SELECTOR = YES;
				GCC_WARN_UNINITIALIZED_AUTOS = YES_AGGRESSIVE;
				GCC_WARN_UNUSED_FUNCTION = YES;
				GCC_WARN_UNUSED_VARIABLE = YES;
				MACOSX_DEPLOYMENT_TARGET = 12.0;
				MTL_ENABLE_DEBUG_INFO = NO;
				MTL_FAST_MATH = YES;
				PRODUCT_NAME = "$(TARGET_NAME)";
				SDKROOT = macosx;
				SWIFT_COMPILATION_MODE = wholemodule;
				SWIFT_OPTIMIZATION_LEVEL = "-O";
				SWIFT_VERSION = 5.9;
			};
			name = Release;
		};
		C8DF2538BEFA35286B986F36 /* Release */ = {
			isa = XCBuildConfiguration;
			buildSettings = {
				CODE_SIGN_ENTITLEMENTS = Sources/ThumbnailExtension/ThumbnailExtension.entitlements;
				CODE_SIGN_STYLE = Automatic;
				COMBINE_HIDPI_IMAGES = YES;
				FRAMEWORK_SEARCH_PATHS = (
					"$(inherited)",
					"\"Frameworks\"",
				);
				INFOPLIST_FILE = Sources/ThumbnailExtension/Info.plist;
				LD_RUNPATH_SEARCH_PATHS = (
					"$(inherited)",
					"@executable_path/../Frameworks",
					"@executable_path/../../../../Frameworks",
				);
				PRODUCT_BUNDLE_IDENTIFIER = com.postmelee.rhwpmac.ThumbnailExtension;
				PRODUCT_NAME = "알한글 Thumbnail";
				SDKROOT = macosx;
			};
			name = Release;
		};
		F826DE7C4B53D918772363D6 /* Debug */ = {
			isa = XCBuildConfiguration;
			buildSettings = {
				CODE_SIGN_ENTITLEMENTS = Sources/QLExtension/QLExtension.entitlements;
				CODE_SIGN_STYLE = Automatic;
				COMBINE_HIDPI_IMAGES = YES;
				FRAMEWORK_SEARCH_PATHS = (
					"$(inherited)",
					"\"Frameworks\"",
				);
				INFOPLIST_FILE = Sources/QLExtension/Info.plist;
				LD_RUNPATH_SEARCH_PATHS = (
					"$(inherited)",
					"@executable_path/../Frameworks",
					"@executable_path/../../../../Frameworks",
				);
				PRODUCT_BUNDLE_IDENTIFIER = com.postmelee.rhwpmac.QLExtension;
				PRODUCT_NAME = "알한글 Preview";
				SDKROOT = macosx;
			};
			name = Debug;
		};
/* End XCBuildConfiguration section */

/* Begin XCConfigurationList section */
		48A1DD4B0B2CA70B7BFDF974 /* Build configuration list for PBXNativeTarget "QLExtension" */ = {
			isa = XCConfigurationList;
			buildConfigurations = (
				F826DE7C4B53D918772363D6 /* Debug */,
				77DF25D3A3901E9D195CE023 /* Release */,
			);
			defaultConfigurationIsVisible = 0;
			defaultConfigurationName = Debug;
		};
		5E38DE2346E3D25557AE8E85 /* Build configuration list for PBXNativeTarget "HostApp" */ = {
			isa = XCConfigurationList;
			buildConfigurations = (
				1E423E2EC930D050F4D3024E /* Debug */,
				612465780CBB47A4588264F1 /* Release */,
			);
			defaultConfigurationIsVisible = 0;
			defaultConfigurationName = Debug;
		};
		9195EB53F29278457C29F016 /* Build configuration list for PBXNativeTarget "ThumbnailExtension" */ = {
			isa = XCConfigurationList;
			buildConfigurations = (
				2FCE7E921CEF3BEE0DF42CE1 /* Debug */,
				C8DF2538BEFA35286B986F36 /* Release */,
			);
			defaultConfigurationIsVisible = 0;
			defaultConfigurationName = Debug;
		};
		B4D7C1C2BE83D454A52F4555 /* Build configuration list for PBXProject "RhwpMac" */ = {
			isa = XCConfigurationList;
			buildConfigurations = (
				B18782C08B818929AC92A6BB /* Debug */,
				C591E3CA8BCE89CFD6552F9C /* Release */,
			);
			defaultConfigurationIsVisible = 0;
			defaultConfigurationName = Debug;
		};
/* End XCConfigurationList section */
	};
	rootObject = 206E16301E257D3E0A8B8060 /* Project object */;
}
